
Microsoft Visual Studio Solution File, Format Version 12.00
# Visual Studio Version 17
VisualStudioVersion = 17.7.34024.191
MinimumVisualStudioVersion = 10.0.40219.1
Project("{FAE04EC0-301F-11D3-BF4B-00C04F79EFBC}") = "laba7", "laba7.csproj", "{E1FB270B-1EE0-408A-96DB-95F1BBBA5CBD}"
EndProject
Global
	GlobalSection(SolutionConfigurationPlatforms) = preSolution
		Debug|Any CPU = Debug|Any CPU
		Release|Any CPU = Release|Any CPU
	EndGlobalSection
	GlobalSection(ProjectConfigurationPlatforms) = postSolution
		{E1FB270B-1EE0-408A-96DB-95F1BBBA5CBD}.Debug|Any CPU.ActiveCfg = Debug|Any CPU
		{E1FB270B-1EE0-408A-96DB-95F1BBBA5CBD}.Debug|Any CPU.Build.0 = Debug|Any CPU
		{E1FB270B-1EE0-408A-96DB-95F1BBBA5CBD}.Release|Any CPU.ActiveCfg = Release|Any CPU
		{E1FB270B-1EE0-408A-96DB-95F1BBBA5CBD}.Release|Any CPU.Build.0 = Release|Any CPU
	EndGlobalSection
	GlobalSection(SolutionProperties) = preSolution
		HideSolutionNode = FALSE
	EndGlobalSection
	GlobalSection(ExtensibilityGlobals) = postSolution
		SolutionGuid = {ECD00CA7-DE88-465F-9203-84B598C98BAA}
	EndGlobalSection
EndGlobal
