
Microsoft Visual Studio Solution File, Format Version 12.00
# Visual Studio Version 17
VisualStudioVersion = 17.11.35222.181
MinimumVisualStudioVersion = 10.0.40219.1
Project("{FAE04EC0-301F-11D3-BF4B-00C04F79EFBC}") = "ClassLibrary1", "ClassLibrary1\ClassLibrary1.csproj", "{49E1A9F2-4131-4F54-8BF6-0441FA802F93}"
EndProject
Project("{FAE04EC0-301F-11D3-BF4B-00C04F79EFBC}") = "ClassLibrary1Tests", "ClassLibrary1Tests\ClassLibrary1Tests.csproj", "{4E7FD75B-E352-4F1B-B0BF-7358CE9B525C}"
EndProject
Global
	GlobalSection(SolutionConfigurationPlatforms) = preSolution
		Debug|Any CPU = Debug|Any CPU
		Release|Any CPU = Release|Any CPU
	EndGlobalSection
	GlobalSection(ProjectConfigurationPlatforms) = postSolution
		{49E1A9F2-4131-4F54-8BF6-0441FA802F93}.Debug|Any CPU.ActiveCfg = Debug|Any CPU
		{49E1A9F2-4131-4F54-8BF6-0441FA802F93}.Debug|Any CPU.Build.0 = Debug|Any CPU
		{49E1A9F2-4131-4F54-8BF6-0441FA802F93}.Release|Any CPU.ActiveCfg = Release|Any CPU
		{49E1A9F2-4131-4F54-8BF6-0441FA802F93}.Release|Any CPU.Build.0 = Release|Any CPU
		{4E7FD75B-E352-4F1B-B0BF-7358CE9B525C}.Debug|Any CPU.ActiveCfg = Debug|Any CPU
		{4E7FD75B-E352-4F1B-B0BF-7358CE9B525C}.Debug|Any CPU.Build.0 = Debug|Any CPU
		{4E7FD75B-E352-4F1B-B0BF-7358CE9B525C}.Release|Any CPU.ActiveCfg = Release|Any CPU
		{4E7FD75B-E352-4F1B-B0BF-7358CE9B525C}.Release|Any CPU.Build.0 = Release|Any CPU
	EndGlobalSection
	GlobalSection(SolutionProperties) = preSolution
		HideSolutionNode = FALSE
	EndGlobalSection
	GlobalSection(ExtensibilityGlobals) = postSolution
		SolutionGuid = {8A120F4B-F93D-489E-9542-3B7DAEB9C2C4}
	EndGlobalSection
EndGlobal
