
Microsoft Visual Studio Solution File, Format Version 12.00
# Visual Studio Version 17
VisualStudioVersion = 17.7.34024.191
MinimumVisualStudioVersion = 10.0.40219.1
Project("{FAE04EC0-301F-11D3-BF4B-00C04F79EFBC}") = "LAB4", "LAB4.csproj", "{BA939F79-7B1C-4050-965E-5C5C052C0B5B}"
EndProject
Project("{FAE04EC0-301F-11D3-BF4B-00C04F79EFBC}") = "lab2", "..\..\lab2\lab2.csproj", "{339CF3A3-B163-434F-92F7-1252D8F64CFE}"
EndProject
Project("{FAE04EC0-301F-11D3-BF4B-00C04F79EFBC}") = "lab1", "..\..\lab1\lab1.csproj", "{C79C729B-A45B-437D-810F-7FDD7FE530D8}"
EndProject
Project("{2150E333-8FDC-42A3-9474-1A3956D46DE8}") = "Solution Items", "Solution Items", "{082CC5E4-BBFF-4F2B-954B-F2044275ACBF}"
	ProjectSection(SolutionItems) = preProject
		.editorconfig = .editorconfig
	EndProjectSection
EndProject
Global
	GlobalSection(SolutionConfigurationPlatforms) = preSolution
		Debug|Any CPU = Debug|Any CPU
		Release|Any CPU = Release|Any CPU
	EndGlobalSection
	GlobalSection(ProjectConfigurationPlatforms) = postSolution
		{BA939F79-7B1C-4050-965E-5C5C052C0B5B}.Debug|Any CPU.ActiveCfg = Debug|Any CPU
		{BA939F79-7B1C-4050-965E-5C5C052C0B5B}.Debug|Any CPU.Build.0 = Debug|Any CPU
		{BA939F79-7B1C-4050-965E-5C5C052C0B5B}.Release|Any CPU.ActiveCfg = Release|Any CPU
		{BA939F79-7B1C-4050-965E-5C5C052C0B5B}.Release|Any CPU.Build.0 = Release|Any CPU
		{339CF3A3-B163-434F-92F7-1252D8F64CFE}.Debug|Any CPU.ActiveCfg = Debug|Any CPU
		{339CF3A3-B163-434F-92F7-1252D8F64CFE}.Debug|Any CPU.Build.0 = Debug|Any CPU
		{339CF3A3-B163-434F-92F7-1252D8F64CFE}.Release|Any CPU.ActiveCfg = Release|Any CPU
		{339CF3A3-B163-434F-92F7-1252D8F64CFE}.Release|Any CPU.Build.0 = Release|Any CPU
		{C79C729B-A45B-437D-810F-7FDD7FE530D8}.Debug|Any CPU.ActiveCfg = Debug|Any CPU
		{C79C729B-A45B-437D-810F-7FDD7FE530D8}.Debug|Any CPU.Build.0 = Debug|Any CPU
		{C79C729B-A45B-437D-810F-7FDD7FE530D8}.Release|Any CPU.ActiveCfg = Release|Any CPU
		{C79C729B-A45B-437D-810F-7FDD7FE530D8}.Release|Any CPU.Build.0 = Release|Any CPU
	EndGlobalSection
	GlobalSection(SolutionProperties) = preSolution
		HideSolutionNode = FALSE
	EndGlobalSection
	GlobalSection(ExtensibilityGlobals) = postSolution
		SolutionGuid = {6B1B3224-6E11-4A6D-AB48-92873D07F5CF}
	EndGlobalSection
EndGlobal
